
Microsoft Visual Studio Solution File, Format Version 12.00
# Visual Studio Version 17
VisualStudioVersion = 17.1.32210.238
MinimumVisualStudioVersion = 10.0.40219.1
Project("{9A19103F-16F7-4668-BE54-9A1E7A4F7556}") = "AlliantShopping.Main", "AlliantShopping.Main\AlliantShopping.Main.csproj", "{C1446C1F-A161-4B05-9734-522273465961}"
EndProject
Project("{9A19103F-16F7-4668-BE54-9A1E7A4F7556}") = "AlliantShopping.E2E", "AlliantShopping.E2E\AlliantShopping.E2E.csproj", "{81D93939-B44A-4167-A06C-A65A814E4127}"
EndProject
Project("{9A19103F-16F7-4668-BE54-9A1E7A4F7556}") = "AlliantShopping.Data", "AlliantShopping.Data\AlliantShopping.Data.csproj", "{AA88767C-D414-4F61-A790-2081924E2746}"
EndProject
Global
	GlobalSection(SolutionConfigurationPlatforms) = preSolution
		Debug|Any CPU = Debug|Any CPU
		Release|Any CPU = Release|Any CPU
	EndGlobalSection
	GlobalSection(ProjectConfigurationPlatforms) = postSolution
		{C1446C1F-A161-4B05-9734-522273465961}.Debug|Any CPU.ActiveCfg = Debug|Any CPU
		{C1446C1F-A161-4B05-9734-522273465961}.Debug|Any CPU.Build.0 = Debug|Any CPU
		{C1446C1F-A161-4B05-9734-522273465961}.Release|Any CPU.ActiveCfg = Release|Any CPU
		{C1446C1F-A161-4B05-9734-522273465961}.Release|Any CPU.Build.0 = Release|Any CPU
		{81D93939-B44A-4167-A06C-A65A814E4127}.Debug|Any CPU.ActiveCfg = Debug|Any CPU
		{81D93939-B44A-4167-A06C-A65A814E4127}.Debug|Any CPU.Build.0 = Debug|Any CPU
		{81D93939-B44A-4167-A06C-A65A814E4127}.Release|Any CPU.ActiveCfg = Release|Any CPU
		{81D93939-B44A-4167-A06C-A65A814E4127}.Release|Any CPU.Build.0 = Release|Any CPU
		{AA88767C-D414-4F61-A790-2081924E2746}.Debug|Any CPU.ActiveCfg = Debug|Any CPU
		{AA88767C-D414-4F61-A790-2081924E2746}.Debug|Any CPU.Build.0 = Debug|Any CPU
		{AA88767C-D414-4F61-A790-2081924E2746}.Release|Any CPU.ActiveCfg = Release|Any CPU
		{AA88767C-D414-4F61-A790-2081924E2746}.Release|Any CPU.Build.0 = Release|Any CPU
	EndGlobalSection
	GlobalSection(SolutionProperties) = preSolution
		HideSolutionNode = FALSE
	EndGlobalSection
	GlobalSection(ExtensibilityGlobals) = postSolution
		SolutionGuid = {5D130A30-1005-4085-8ED0-9B5B1FB05B60}
	EndGlobalSection
EndGlobal
